// !$*UTF8*$!
{
	archiveVersion = 1;
	classes = {
	};
	objectVersion = 46;
	objects = {

/* Begin PBXBuildFile section */
		C6D0CDA41C19634900321B7E /* AppDelegate.swift in Sources */ = {isa = PBXBuildFile; fileRef = C6D0CDA31C19634900321B7E /* AppDelegate.swift */; };
		C6D0CDA61C19634900321B7E /* ViewController.swift in Sources */ = {isa = PBXBuildFile; fileRef = C6D0CDA51C19634900321B7E /* ViewController.swift */; };
		C6D0CDA91C19634900321B7E /* Main.storyboard in Resources */ = {isa = PBXBuildFile; fileRef = C6D0CDA71C19634900321B7E /* Main.storyboard */; };
		C6D0CDAB1C19634900321B7E /* Assets.xcassets in Resources */ = {isa = PBXBuildFile; fileRef = C6D0CDAA1C19634900321B7E /* Assets.xcassets */; };
		C6D0CDAE1C19634900321B7E /* LaunchScreen.storyboard in Resources */ = {isa = PBXBuildFile; fileRef = C6D0CDAC1C19634900321B7E /* LaunchScreen.storyboard */; };
		C6D0CDB91C19634900321B7E /* shoppingTests.swift in Sources */ = {isa = PBXBuildFile; fileRef = C6D0CDB81C19634900321B7E /* shoppingTests.swift */; };
		C6D0CDC41C19634900321B7E /* shoppingUITests.swift in Sources */ = {isa = PBXBuildFile; fileRef = C6D0CDC31C19634900321B7E /* shoppingUITests.swift */; };
/* End PBXBuildFile section */

/* Begin PBXContainerItemProxy section */
		C6D0CDB51C19634900321B7E /* PBXContainerItemProxy */ = {
			isa = PBXContainerItemProxy;
			containerPortal = C6D0CD981C19634800321B7E /* Project object */;
			proxyType = 1;
			remoteGlobalIDString = C6D0CD9F1C19634900321B7E;
			remoteInfo = shopping;
		};
		C6D0CDC01C19634900321B7E /* PBXContainerItemProxy */ = {
			isa = PBXContainerItemProxy;
			containerPortal = C6D0CD981C19634800321B7E /* Project object */;
			proxyType = 1;
			remoteGlobalIDString = C6D0CD9F1C19634900321B7E;
			remoteInfo = shopping;
		};
/* End PBXContainerItemProxy section */

/* Begin PBXFileReference section */
		C6D0CDA01C19634900321B7E /* shopping.app */ = {isa = PBXFileReference; explicitFileType = wrapper.application; includeInIndex = 0; path = shopping.app; sourceTree = BUILT_PRODUCTS_DIR; };
		C6D0CDA31C19634900321B7E /* AppDelegate.swift */ = {isa = PBXFileReference; lastKnownFileType = sourcecode.swift; path = AppDelegate.swift; sourceTree = "<group>"; };
		C6D0CDA51C19634900321B7E /* ViewController.swift */ = {isa = PBXFileReference; lastKnownFileType = sourcecode.swift; path = ViewController.swift; sourceTree = "<group>"; };
		C6D0CDA81C19634900321B7E /* Base */ = {isa = PBXFileReference; lastKnownFileType = file.storyboard; name = Base; path = Base.lproj/Main.storyboard; sourceTree = "<group>"; };
		C6D0CDAA1C19634900321B7E /* Assets.xcassets */ = {isa = PBXFileReference; lastKnownFileType = folder.assetcatalog; path = Assets.xcassets; sourceTree = "<group>"; };
		C6D0CDAD1C19634900321B7E /* Base */ = {isa = PBXFileReference; lastKnownFileType = file.storyboard; name = Base; path = Base.lproj/LaunchScreen.storyboard; sourceTree = "<group>"; };
		C6D0CDAF1C19634900321B7E /* Info.plist */ = {isa = PBXFileReference; lastKnownFileType = text.plist.xml; path = Info.plist; sourceTree = "<group>"; };
		C6D0CDB41C19634900321B7E /* shoppingTests.xctest */ = {isa = PBXFileReference; explicitFileType = wrapper.cfbundle; includeInIndex = 0; path = shoppingTests.xctest; sourceTree = BUILT_PRODUCTS_DIR; };
		C6D0CDB81C19634900321B7E /* shoppingTests.swift */ = {isa = PBXFileReference; lastKnownFileType = sourcecode.swift; path = shoppingTests.swift; sourceTree = "<group>"; };
		C6D0CDBA1C19634900321B7E /* Info.plist */ = {isa = PBXFileReference; lastKnownFileType = text.plist.xml; path = Info.plist; sourceTree = "<group>"; };
		C6D0CDBF1C19634900321B7E /* shoppingUITests.xctest */ = {isa = PBXFileReference; explicitFileType = wrapper.cfbundle; includeInIndex = 0; path = shoppingUITests.xctest; sourceTree = BUILT_PRODUCTS_DIR; };
		C6D0CDC31C19634900321B7E /* shoppingUITests.swift */ = {isa = PBXFileReference; lastKnownFileType = sourcecode.swift; path = shoppingUITests.swift; sourceTree = "<group>"; };
		C6D0CDC51C19634900321B7E /* Info.plist */ = {isa = PBXFileReference; lastKnownFileType = text.plist.xml; path = Info.plist; sourceTree = "<group>"; };
/* End PBXFileReference section */

/* Begin PBXFrameworksBuildPhase section */
		C6D0CD9D1C19634900321B7E /* Frameworks */ = {
			isa = PBXFrameworksBuildPhase;
			buildActionMask = 2147483647;
			files = (
			);
			runOnlyForDeploymentPostprocessing = 0;
		};
		C6D0CDB11C19634900321B7E /* Frameworks */ = {
			isa = PBXFrameworksBuildPhase;
			buildActionMask = 2147483647;
			files = (
			);
			runOnlyForDeploymentPostprocessing = 0;
		};
		C6D0CDBC1C19634900321B7E /* Frameworks */ = {
			isa = PBXFrameworksBuildPhase;
			buildActionMask = 2147483647;
			files = (
			);
			runOnlyForDeploymentPostprocessing = 0;
		};
/* End PBXFrameworksBuildPhase section */

/* Begin PBXGroup section */
		C6D0CD971C19634800321B7E = {
			isa = PBXGroup;
			children = (
				C6D0CDA21C19634900321B7E /* shopping */,
				C6D0CDB71C19634900321B7E /* shoppingTests */,
				C6D0CDC21C19634900321B7E /* shoppingUITests */,
				C6D0CDA11C19634900321B7E /* Products */,
			);
			sourceTree = "<group>";
		};
		C6D0CDA11C19634900321B7E /* Products */ = {
			isa = PBXGroup;
			children = (
				C6D0CDA01C19634900321B7E /* shopping.app */,
				C6D0CDB41C19634900321B7E /* shoppingTests.xctest */,
				C6D0CDBF1C19634900321B7E /* shoppingUITests.xctest */,
			);
			name = Products;
			sourceTree = "<group>";
		};
		C6D0CDA21C19634900321B7E /* shopping */ = {
			isa = PBXGroup;
			children = (
				C6D0CDA31C19634900321B7E /* AppDelegate.swift */,
				C6D0CDA51C19634900321B7E /* ViewController.swift */,
				C6D0CDA71C19634900321B7E /* Main.storyboard */,
				C6D0CDAA1C19634900321B7E /* Assets.xcassets */,
				C6D0CDAC1C19634900321B7E /* LaunchScreen.storyboard */,
				C6D0CDAF1C19634900321B7E /* Info.plist */,
			);
			path = shopping;
			sourceTree = "<group>";
		};
		C6D0CDB71C19634900321B7E /* shoppingTests */ = {
			isa = PBXGroup;
			children = (
				C6D0CDB81C19634900321B7E /* shoppingTests.swift */,
				C6D0CDBA1C19634900321B7E /* Info.plist */,
			);
			path = shoppingTests;
			sourceTree = "<group>";
		};
		C6D0CDC21C19634900321B7E /* shoppingUITests */ = {
			isa = PBXGroup;
			children = (
				C6D0CDC31C19634900321B7E /* shoppingUITests.swift */,
				C6D0CDC51C19634900321B7E /* Info.plist */,
			);
			path = shoppingUITests;
			sourceTree = "<group>";
		};
/* End PBXGroup section */

/* Begin PBXNativeTarget section */
		C6D0CD9F1C19634900321B7E /* shopping */ = {
			isa = PBXNativeTarget;
			buildConfigurationList = C6D0CDC81C19634900321B7E /* Build configuration list for PBXNativeTarget "shopping" */;
			buildPhases = (
				C6D0CD9C1C19634900321B7E /* Sources */,
				C6D0CD9D1C19634900321B7E /* Frameworks */,
				C6D0CD9E1C19634900321B7E /* Resources */,
			);
			buildRules = (
			);
			dependencies = (
			);
			name = shopping;
			productName = shopping;
			productReference = C6D0CDA01C19634900321B7E /* shopping.app */;
			productType = "com.apple.product-type.application";
		};
		C6D0CDB31C19634900321B7E /* shoppingTests */ = {
			isa = PBXNativeTarget;
			buildConfigurationList = C6D0CDCB1C19634900321B7E /* Build configuration list for PBXNativeTarget "shoppingTests" */;
			buildPhases = (
				C6D0CDB01C19634900321B7E /* Sources */,
				C6D0CDB11C19634900321B7E /* Frameworks */,
				C6D0CDB21C19634900321B7E /* Resources */,
			);
			buildRules = (
			);
			dependencies = (
				C6D0CDB61C19634900321B7E /* PBXTargetDependency */,
			);
			name = shoppingTests;
			productName = shoppingTests;
			productReference = C6D0CDB41C19634900321B7E /* shoppingTests.xctest */;
			productType = "com.apple.product-type.bundle.unit-test";
		};
		C6D0CDBE1C19634900321B7E /* shoppingUITests */ = {
			isa = PBXNativeTarget;
			buildConfigurationList = C6D0CDCE1C19634900321B7E /* Build configuration list for PBXNativeTarget "shoppingUITests" */;
			buildPhases = (
				C6D0CDBB1C19634900321B7E /* Sources */,
				C6D0CDBC1C19634900321B7E /* Frameworks */,
				C6D0CDBD1C19634900321B7E /* Resources */,
			);
			buildRules = (
			);
			dependencies = (
				C6D0CDC11C19634900321B7E /* PBXTargetDependency */,
			);
			name = shoppingUITests;
			productName = shoppingUITests;
			productReference = C6D0CDBF1C19634900321B7E /* shoppingUITests.xctest */;
			productType = "com.apple.product-type.bundle.ui-testing";
		};
/* End PBXNativeTarget section */

/* Begin PBXProject section */
		C6D0CD981C19634800321B7E /* Project object */ = {
			isa = PBXProject;
			attributes = {
				LastSwiftUpdateCheck = 0710;
				LastUpgradeCheck = 0710;
				ORGANIZATIONNAME = "王庆华";
				TargetAttributes = {
					C6D0CD9F1C19634900321B7E = {
						CreatedOnToolsVersion = 7.1.1;
					};
					C6D0CDB31C19634900321B7E = {
						CreatedOnToolsVersion = 7.1.1;
						TestTargetID = C6D0CD9F1C19634900321B7E;
					};
					C6D0CDBE1C19634900321B7E = {
						CreatedOnToolsVersion = 7.1.1;
						TestTargetID = C6D0CD9F1C19634900321B7E;
					};
				};
			};
			buildConfigurationList = C6D0CD9B1C19634800321B7E /* Build configuration list for PBXProject "shopping" */;
			compatibilityVersion = "Xcode 3.2";
			developmentRegion = English;
			hasScannedForEncodings = 0;
			knownRegions = (
				en,
				Base,
			);
			mainGroup = C6D0CD971C19634800321B7E;
			productRefGroup = C6D0CDA11C19634900321B7E /* Products */;
			projectDirPath = "";
			projectRoot = "";
			targets = (
				C6D0CD9F1C19634900321B7E /* shopping */,
				C6D0CDB31C19634900321B7E /* shoppingTests */,
				C6D0CDBE1C19634900321B7E /* shoppingUITests */,
			);
		};
/* End PBXProject section */

/* Begin PBXResourcesBuildPhase section */
		C6D0CD9E1C19634900321B7E /* Resources */ = {
			isa = PBXResourcesBuildPhase;
			buildActionMask = 2147483647;
			files = (
				C6D0CDAE1C19634900321B7E /* LaunchScreen.storyboard in Resources */,
				C6D0CDAB1C19634900321B7E /* Assets.xcassets in Resources */,
				C6D0CDA91C19634900321B7E /* Main.storyboard in Resources */,
			);
			runOnlyForDeploymentPostprocessing = 0;
		};
		C6D0CDB21C19634900321B7E /* Resources */ = {
			isa = PBXResourcesBuildPhase;
			buildActionMask = 2147483647;
			files = (
			);
			runOnlyForDeploymentPostprocessing = 0;
		};
		C6D0CDBD1C19634900321B7E /* Resources */ = {
			isa = PBXResourcesBuildPhase;
			buildActionMask = 2147483647;
			files = (
			);
			runOnlyForDeploymentPostprocessing = 0;
		};
/* End PBXResourcesBuildPhase section */

/* Begin PBXSourcesBuildPhase section */
		C6D0CD9C1C19634900321B7E /* Sources */ = {
			isa = PBXSourcesBuildPhase;
			buildActionMask = 2147483647;
			files = (
				C6D0CDA61C19634900321B7E /* ViewController.swift in Sources */,
				C6D0CDA41C19634900321B7E /* AppDelegate.swift in Sources */,
			);
			runOnlyForDeploymentPostprocessing = 0;
		};
		C6D0CDB01C19634900321B7E /* Sources */ = {
			isa = PBXSourcesBuildPhase;
			buildActionMask = 2147483647;
			files = (
				C6D0CDB91C19634900321B7E /* shoppingTests.swift in Sources */,
			);
			runOnlyForDeploymentPostprocessing = 0;
		};
		C6D0CDBB1C19634900321B7E /* Sources */ = {
			isa = PBXSourcesBuildPhase;
			buildActionMask = 2147483647;
			files = (
				C6D0CDC41C19634900321B7E /* shoppingUITests.swift in Sources */,
			);
			runOnlyForDeploymentPostprocessing = 0;
		};
/* End PBXSourcesBuildPhase section */

/* Begin PBXTargetDependency section */
		C6D0CDB61C19634900321B7E /* PBXTargetDependency */ = {
			isa = PBXTargetDependency;
			target = C6D0CD9F1C19634900321B7E /* shopping */;
			targetProxy = C6D0CDB51C19634900321B7E /* PBXContainerItemProxy */;
		};
		C6D0CDC11C19634900321B7E /* PBXTargetDependency */ = {
			isa = PBXTargetDependency;
			target = C6D0CD9F1C19634900321B7E /* shopping */;
			targetProxy = C6D0CDC01C19634900321B7E /* PBXContainerItemProxy */;
		};
/* End PBXTargetDependency section */

/* Begin PBXVariantGroup section */
		C6D0CDA71C19634900321B7E /* Main.storyboard */ = {
			isa = PBXVariantGroup;
			children = (
				C6D0CDA81C19634900321B7E /* Base */,
			);
			name = Main.storyboard;
			sourceTree = "<group>";
		};
		C6D0CDAC1C19634900321B7E /* LaunchScreen.storyboard */ = {
			isa = PBXVariantGroup;
			children = (
				C6D0CDAD1C19634900321B7E /* Base */,
			);
			name = LaunchScreen.storyboard;
			sourceTree = "<group>";
		};
/* End PBXVariantGroup section */

/* Begin XCBuildConfiguration section */
		C6D0CDC61C19634900321B7E /* Debug */ = {
			isa = XCBuildConfiguration;
			buildSettings = {
				ALWAYS_SEARCH_USER_PATHS = NO;
				CLANG_CXX_LANGUAGE_STANDARD = "gnu++0x";
				CLANG_CXX_LIBRARY = "libc++";
				CLANG_ENABLE_MODULES = YES;
				CLANG_ENABLE_OBJC_ARC = YES;
				CLANG_WARN_BOOL_CONVERSION = YES;
				CLANG_WARN_CONSTANT_CONVERSION = YES;
				CLANG_WARN_DIRECT_OBJC_ISA_USAGE = YES_ERROR;
				CLANG_WARN_EMPTY_BODY = YES;
				CLANG_WARN_ENUM_CONVERSION = YES;
				CLANG_WARN_INT_CONVERSION = YES;
				CLANG_WARN_OBJC_ROOT_CLASS = YES_ERROR;
				CLANG_WARN_UNREACHABLE_CODE = YES;
				CLANG_WARN__DUPLICATE_METHOD_MATCH = YES;
				"CODE_SIGN_IDENTITY[sdk=iphoneos*]" = "iPhone Developer";
				COPY_PHASE_STRIP = NO;
				DEBUG_INFORMATION_FORMAT = dwarf;
				ENABLE_STRICT_OBJC_MSGSEND = YES;
				ENABLE_TESTABILITY = YES;
				GCC_C_LANGUAGE_STANDARD = gnu99;
				GCC_DYNAMIC_NO_PIC = NO;
				GCC_NO_COMMON_BLOCKS = YES;
				GCC_OPTIMIZATION_LEVEL = 0;
				GCC_PREPROCESSOR_DEFINITIONS = (
					"DEBUG=1",
					"$(inherited)",
				);
				GCC_WARN_64_TO_32_BIT_CONVERSION = YES;
				GCC_WARN_ABOUT_RETURN_TYPE = YES_ERROR;
				GCC_WARN_UNDECLARED_SELECTOR = YES;
				GCC_WARN_UNINITIALIZED_AUTOS = YES_AGGRESSIVE;
				GCC_WARN_UNUSED_FUNCTION = YES;
				GCC_WARN_UNUSED_VARIABLE = YES;
				IPHONEOS_DEPLOYMENT_TARGET = 9.1;
				MTL_ENABLE_DEBUG_INFO = YES;
				ONLY_ACTIVE_ARCH = YES;
				SDKROOT = iphoneos;
				SWIFT_OPTIMIZATION_LEVEL = "-Onone";
				TARGETED_DEVICE_FAMILY = "1,2";
			};
			name = Debug;
		};
		C6D0CDC71C19634900321B7E /* Release */ = {
			isa = XCBuildConfiguration;
			buildSettings = {
				ALWAYS_SEARCH_USER_PATHS = NO;
				CLANG_CXX_LANGUAGE_STANDARD = "gnu++0x";
				CLANG_CXX_LIBRARY = "libc++";
				CLANG_ENABLE_MODULES = YES;
				CLANG_ENABLE_OBJC_ARC = YES;
				CLANG_WARN_BOOL_CONVERSION = YES;
				CLANG_WARN_CONSTANT_CONVERSION = YES;
				CLANG_WARN_DIRECT_OBJC_ISA_USAGE = YES_ERROR;
				CLANG_WARN_EMPTY_BODY = YES;
				CLANG_WARN_ENUM_CONVERSION = YES;
				CLANG_WARN_INT_CONVERSION = YES;
				CLANG_WARN_OBJC_ROOT_CLASS = YES_ERROR;
				CLANG_WARN_UNREACHABLE_CODE = YES;
				CLANG_WARN__DUPLICATE_METHOD_MATCH = YES;
				"CODE_SIGN_IDENTITY[sdk=iphoneos*]" = "iPhone Developer";
				COPY_PHASE_STRIP = NO;
				DEBUG_INFORMATION_FORMAT = "dwarf-with-dsym";
				ENABLE_NS_ASSERTIONS = NO;
				ENABLE_STRICT_OBJC_MSGSEND = YES;
				GCC_C_LANGUAGE_STANDARD = gnu99;
				GCC_NO_COMMON_BLOCKS = YES;
				GCC_WARN_64_TO_32_BIT_CONVERSION = YES;
				GCC_WARN_ABOUT_RETURN_TYPE = YES_ERROR;
				GCC_WARN_UNDECLARED_SELECTOR = YES;
				GCC_WARN_UNINITIALIZED_AUTOS = YES_AGGRESSIVE;
				GCC_WARN_UNUSED_FUNCTION = YES;
				GCC_WARN_UNUSED_VARIABLE = YES;
				IPHONEOS_DEPLOYMENT_TARGET = 9.1;
				MTL_ENABLE_DEBUG_INFO = NO;
				SDKROOT = iphoneos;
				TARGETED_DEVICE_FAMILY = "1,2";
				VALIDATE_PRODUCT = YES;
			};
			name = Release;
		};
		C6D0CDC91C19634900321B7E /* Debug */ = {
			isa = XCBuildConfiguration;
			buildSettings = {
				ASSETCATALOG_COMPILER_APPICON_NAME = AppIcon;
				INFOPLIST_FILE = shopping/Info.plist;
				LD_RUNPATH_SEARCH_PATHS = "$(inherited) @executable_path/Frameworks";
				PRODUCT_BUNDLE_IDENTIFIER = com.baidu.shopping;
				PRODUCT_NAME = "$(TARGET_NAME)";
			};
			name = Debug;
		};
		C6D0CDCA1C19634900321B7E /* Release */ = {
			isa = XCBuildConfiguration;
			buildSettings = {
				ASSETCATALOG_COMPILER_APPICON_NAME = AppIcon;
				INFOPLIST_FILE = shopping/Info.plist;
				LD_RUNPATH_SEARCH_PATHS = "$(inherited) @executable_path/Frameworks";
				PRODUCT_BUNDLE_IDENTIFIER = com.baidu.shopping;
				PRODUCT_NAME = "$(TARGET_NAME)";
			};
			name = Release;
		};
		C6D0CDCC1C19634900321B7E /* Debug */ = {
			isa = XCBuildConfiguration;
			buildSettings = {
				BUNDLE_LOADER = "$(TEST_HOST)";
				INFOPLIST_FILE = shoppingTests/Info.plist;
				LD_RUNPATH_SEARCH_PATHS = "$(inherited) @executable_path/Frameworks @loader_path/Frameworks";
				PRODUCT_BUNDLE_IDENTIFIER = com.baidu.shoppingTests;
				PRODUCT_NAME = "$(TARGET_NAME)";
				TEST_HOST = "$(BUILT_PRODUCTS_DIR)/shopping.app/shopping";
			};
			name = Debug;
		};
		C6D0CDCD1C19634900321B7E /* Release */ = {
			isa = XCBuildConfiguration;
			buildSettings = {
				BUNDLE_LOADER = "$(TEST_HOST)";
				INFOPLIST_FILE = shoppingTests/Info.plist;
				LD_RUNPATH_SEARCH_PATHS = "$(inherited) @executable_path/Frameworks @loader_path/Frameworks";
				PRODUCT_BUNDLE_IDENTIFIER = com.baidu.shoppingTests;
				PRODUCT_NAME = "$(TARGET_NAME)";
				TEST_HOST = "$(BUILT_PRODUCTS_DIR)/shopping.app/shopping";
			};
			name = Release;
		};
		C6D0CDCF1C19634900321B7E /* Debug */ = {
			isa = XCBuildConfiguration;
			buildSettings = {
				INFOPLIST_FILE = shoppingUITests/Info.plist;
				LD_RUNPATH_SEARCH_PATHS = "$(inherited) @executable_path/Frameworks @loader_path/Frameworks";
				PRODUCT_BUNDLE_IDENTIFIER = com.baidu.shoppingUITests;
				PRODUCT_NAME = "$(TARGET_NAME)";
				TEST_TARGET_NAME = shopping;
				USES_XCTRUNNER = YES;
			};
			name = Debug;
		};
		C6D0CDD01C19634900321B7E /* Release */ = {
			isa = XCBuildConfiguration;
			buildSettings = {
				INFOPLIST_FILE = shoppingUITests/Info.plist;
				LD_RUNPATH_SEARCH_PATHS = "$(inherited) @executable_path/Frameworks @loader_path/Frameworks";
				PRODUCT_BUNDLE_IDENTIFIER = com.baidu.shoppingUITests;
				PRODUCT_NAME = "$(TARGET_NAME)";
				TEST_TARGET_NAME = shopping;
				USES_XCTRUNNER = YES;
			};
			name = Release;
		};
/* End XCBuildConfiguration section */

/* Begin XCConfigurationList section */
		C6D0CD9B1C19634800321B7E /* Build configuration list for PBXProject "shopping" */ = {
			isa = XCConfigurationList;
			buildConfigurations = (
				C6D0CDC61C19634900321B7E /* Debug */,
				C6D0CDC71C19634900321B7E /* Release */,
			);
			defaultConfigurationIsVisible = 0;
			defaultConfigurationName = Release;
		};
		C6D0CDC81C19634900321B7E /* Build configuration list for PBXNativeTarget "shopping" */ = {
			isa = XCConfigurationList;
			buildConfigurations = (
				C6D0CDC91C19634900321B7E /* Debug */,
				C6D0CDCA1C19634900321B7E /* Release */,
			);
			defaultConfigurationIsVisible = 0;
		};
		C6D0CDCB1C19634900321B7E /* Build configuration list for PBXNativeTarget "shoppingTests" */ = {
			isa = XCConfigurationList;
			buildConfigurations = (
				C6D0CDCC1C19634900321B7E /* Debug */,
				C6D0CDCD1C19634900321B7E /* Release */,
			);
			defaultConfigurationIsVisible = 0;
		};
		C6D0CDCE1C19634900321B7E /* Build configuration list for PBXNativeTarget "shoppingUITests" */ = {
			isa = XCConfigurationList;
			buildConfigurations = (
				C6D0CDCF1C19634900321B7E /* Debug */,
				C6D0CDD01C19634900321B7E /* Release */,
			);
			defaultConfigurationIsVisible = 0;
		};
/* End XCConfigurationList section */
	};
	rootObject = C6D0CD981C19634800321B7E /* Project object */;
}
